
Microsoft Visual Studio Solution File, Format Version 12.00
# Visual Studio Version 17
VisualStudioVersion = 17.11.35327.3
MinimumVisualStudioVersion = 10.0.40219.1
Project("{FAE04EC0-301F-11D3-BF4B-00C04F79EFBC}") = "orgonasíp", "orgonasíp\orgonasíp.csproj", "{9F5F2015-8C86-46D5-B49A-41FF83955547}"
EndProject
Global
	GlobalSection(SolutionConfigurationPlatforms) = preSolution
		Debug|Any CPU = Debug|Any CPU
		Release|Any CPU = Release|Any CPU
	EndGlobalSection
	GlobalSection(ProjectConfigurationPlatforms) = postSolution
		{9F5F2015-8C86-46D5-B49A-41FF83955547}.Debug|Any CPU.ActiveCfg = Debug|Any CPU
		{9F5F2015-8C86-46D5-B49A-41FF83955547}.Debug|Any CPU.Build.0 = Debug|Any CPU
		{9F5F2015-8C86-46D5-B49A-41FF83955547}.Release|Any CPU.ActiveCfg = Release|Any CPU
		{9F5F2015-8C86-46D5-B49A-41FF83955547}.Release|Any CPU.Build.0 = Release|Any CPU
	EndGlobalSection
	GlobalSection(SolutionProperties) = preSolution
		HideSolutionNode = FALSE
	EndGlobalSection
	GlobalSection(ExtensibilityGlobals) = postSolution
		SolutionGuid = {B543FBEE-2E98-4A0D-98F2-61B66F1675FB}
	EndGlobalSection
EndGlobal
